
Microsoft Visual Studio Solution File, Format Version 12.00
# Visual Studio 15
VisualStudioVersion = 15.0.28010.2036
MinimumVisualStudioVersion = 10.0.40219.1
Project("{FAE04EC0-301F-11D3-BF4B-00C04F79EFBC}") = "lab1_1", "AnDS\lab1_1.csproj", "{26A8515F-06DA-4BC4-93B4-4ADCEAD8D72D}"
EndProject
Project("{FAE04EC0-301F-11D3-BF4B-00C04F79EFBC}") = "lab1_2", "lab1_2\lab1_2.csproj", "{7A788BF3-64F7-42A1-8BAC-4B723DADE4F7}"
EndProject
Project("{FAE04EC0-301F-11D3-BF4B-00C04F79EFBC}") = "lab2_1", "lab2_1\lab2_1.csproj", "{480683F3-E6D7-46AE-AB1A-7747E7444302}"
EndProject
Project("{FAE04EC0-301F-11D3-BF4B-00C04F79EFBC}") = "lab2_2", "lab2_2\lab2_2.csproj", "{C96FB485-C1BA-4776-9E7E-5C6B40695CE2}"
EndProject
Project("{FAE04EC0-301F-11D3-BF4B-00C04F79EFBC}") = "lab4_1", "lab4_1\lab4_1.csproj", "{C6EA56CC-DC0D-4799-AF73-5EF4A0BEB0D5}"
EndProject
Project("{FAE04EC0-301F-11D3-BF4B-00C04F79EFBC}") = "lab4_2", "lab4_2\lab4_2.csproj", "{815B301B-2156-4550-B72C-50975135F235}"
EndProject
Project("{FAE04EC0-301F-11D3-BF4B-00C04F79EFBC}") = "lab5_1", "lab5_1\lab5_1.csproj", "{CE7CFD45-B944-45CE-B01D-F4726FFECF61}"
EndProject
Project("{FAE04EC0-301F-11D3-BF4B-00C04F79EFBC}") = "lab5_2", "lab5_2\lab5_2.csproj", "{AB2F7B1B-E953-4393-9C12-6E191363D05A}"
EndProject
Project("{FAE04EC0-301F-11D3-BF4B-00C04F79EFBC}") = "lab6", "lab6\lab6.csproj", "{1F96C3AA-0DB4-4A79-9FA5-EBEE4BC4F351}"
EndProject
Project("{FAE04EC0-301F-11D3-BF4B-00C04F79EFBC}") = "lab2_3", "lab2_3\lab2_3.csproj", "{38A8B76A-3D96-46BE-BFA4-C86BA1020163}"
EndProject
Global
	GlobalSection(SolutionConfigurationPlatforms) = preSolution
		Debug|Any CPU = Debug|Any CPU
		Release|Any CPU = Release|Any CPU
	EndGlobalSection
	GlobalSection(ProjectConfigurationPlatforms) = postSolution
		{26A8515F-06DA-4BC4-93B4-4ADCEAD8D72D}.Debug|Any CPU.ActiveCfg = Debug|Any CPU
		{26A8515F-06DA-4BC4-93B4-4ADCEAD8D72D}.Debug|Any CPU.Build.0 = Debug|Any CPU
		{26A8515F-06DA-4BC4-93B4-4ADCEAD8D72D}.Release|Any CPU.ActiveCfg = Release|Any CPU
		{26A8515F-06DA-4BC4-93B4-4ADCEAD8D72D}.Release|Any CPU.Build.0 = Release|Any CPU
		{7A788BF3-64F7-42A1-8BAC-4B723DADE4F7}.Debug|Any CPU.ActiveCfg = Debug|Any CPU
		{7A788BF3-64F7-42A1-8BAC-4B723DADE4F7}.Debug|Any CPU.Build.0 = Debug|Any CPU
		{7A788BF3-64F7-42A1-8BAC-4B723DADE4F7}.Release|Any CPU.ActiveCfg = Release|Any CPU
		{7A788BF3-64F7-42A1-8BAC-4B723DADE4F7}.Release|Any CPU.Build.0 = Release|Any CPU
		{480683F3-E6D7-46AE-AB1A-7747E7444302}.Debug|Any CPU.ActiveCfg = Debug|Any CPU
		{480683F3-E6D7-46AE-AB1A-7747E7444302}.Debug|Any CPU.Build.0 = Debug|Any CPU
		{480683F3-E6D7-46AE-AB1A-7747E7444302}.Release|Any CPU.ActiveCfg = Release|Any CPU
		{480683F3-E6D7-46AE-AB1A-7747E7444302}.Release|Any CPU.Build.0 = Release|Any CPU
		{C96FB485-C1BA-4776-9E7E-5C6B40695CE2}.Debug|Any CPU.ActiveCfg = Debug|Any CPU
		{C96FB485-C1BA-4776-9E7E-5C6B40695CE2}.Debug|Any CPU.Build.0 = Debug|Any CPU
		{C96FB485-C1BA-4776-9E7E-5C6B40695CE2}.Release|Any CPU.ActiveCfg = Release|Any CPU
		{C96FB485-C1BA-4776-9E7E-5C6B40695CE2}.Release|Any CPU.Build.0 = Release|Any CPU
		{C6EA56CC-DC0D-4799-AF73-5EF4A0BEB0D5}.Debug|Any CPU.ActiveCfg = Debug|Any CPU
		{C6EA56CC-DC0D-4799-AF73-5EF4A0BEB0D5}.Debug|Any CPU.Build.0 = Debug|Any CPU
		{C6EA56CC-DC0D-4799-AF73-5EF4A0BEB0D5}.Release|Any CPU.ActiveCfg = Release|Any CPU
		{C6EA56CC-DC0D-4799-AF73-5EF4A0BEB0D5}.Release|Any CPU.Build.0 = Release|Any CPU
		{815B301B-2156-4550-B72C-50975135F235}.Debug|Any CPU.ActiveCfg = Debug|Any CPU
		{815B301B-2156-4550-B72C-50975135F235}.Debug|Any CPU.Build.0 = Debug|Any CPU
		{815B301B-2156-4550-B72C-50975135F235}.Release|Any CPU.ActiveCfg = Release|Any CPU
		{815B301B-2156-4550-B72C-50975135F235}.Release|Any CPU.Build.0 = Release|Any CPU
		{CE7CFD45-B944-45CE-B01D-F4726FFECF61}.Debug|Any CPU.ActiveCfg = Debug|Any CPU
		{CE7CFD45-B944-45CE-B01D-F4726FFECF61}.Debug|Any CPU.Build.0 = Debug|Any CPU
		{CE7CFD45-B944-45CE-B01D-F4726FFECF61}.Release|Any CPU.ActiveCfg = Release|Any CPU
		{CE7CFD45-B944-45CE-B01D-F4726FFECF61}.Release|Any CPU.Build.0 = Release|Any CPU
		{AB2F7B1B-E953-4393-9C12-6E191363D05A}.Debug|Any CPU.ActiveCfg = Debug|Any CPU
		{AB2F7B1B-E953-4393-9C12-6E191363D05A}.Debug|Any CPU.Build.0 = Debug|Any CPU
		{AB2F7B1B-E953-4393-9C12-6E191363D05A}.Release|Any CPU.ActiveCfg = Release|Any CPU
		{AB2F7B1B-E953-4393-9C12-6E191363D05A}.Release|Any CPU.Build.0 = Release|Any CPU
		{1F96C3AA-0DB4-4A79-9FA5-EBEE4BC4F351}.Debug|Any CPU.ActiveCfg = Debug|Any CPU
		{1F96C3AA-0DB4-4A79-9FA5-EBEE4BC4F351}.Debug|Any CPU.Build.0 = Debug|Any CPU
		{1F96C3AA-0DB4-4A79-9FA5-EBEE4BC4F351}.Release|Any CPU.ActiveCfg = Release|Any CPU
		{1F96C3AA-0DB4-4A79-9FA5-EBEE4BC4F351}.Release|Any CPU.Build.0 = Release|Any CPU
		{38A8B76A-3D96-46BE-BFA4-C86BA1020163}.Debug|Any CPU.ActiveCfg = Debug|Any CPU
		{38A8B76A-3D96-46BE-BFA4-C86BA1020163}.Debug|Any CPU.Build.0 = Debug|Any CPU
		{38A8B76A-3D96-46BE-BFA4-C86BA1020163}.Release|Any CPU.ActiveCfg = Release|Any CPU
		{38A8B76A-3D96-46BE-BFA4-C86BA1020163}.Release|Any CPU.Build.0 = Release|Any CPU
	EndGlobalSection
	GlobalSection(SolutionProperties) = preSolution
		HideSolutionNode = FALSE
	EndGlobalSection
	GlobalSection(ExtensibilityGlobals) = postSolution
		SolutionGuid = {0665B336-9642-4D9C-B2BC-8AF6D4987CBE}
	EndGlobalSection
EndGlobal
